// !$*UTF8*$!
{
	archiveVersion = 1;
	classes = {
	};
	objectVersion = 46;
	objects = {

/* Begin PBXBuildFile section */
		6554D7441D56F9B9004FED87 /* AppDelegate.swift in Sources */ = {isa = PBXBuildFile; fileRef = 6554D73C1D56F9B9004FED87 /* AppDelegate.swift */; };
		6554D7451D56F9B9004FED87 /* Assets.xcassets in Resources */ = {isa = PBXBuildFile; fileRef = 6554D73E1D56F9B9004FED87 /* Assets.xcassets */; };
		6554D7461D56F9B9004FED87 /* LaunchScreen.storyboard in Resources */ = {isa = PBXBuildFile; fileRef = 6554D73F1D56F9B9004FED87 /* LaunchScreen.storyboard */; };
		6554D7471D56F9B9004FED87 /* Main.storyboard in Resources */ = {isa = PBXBuildFile; fileRef = 6554D7401D56F9B9004FED87 /* Main.storyboard */; };
		6554D7491D56F9B9004FED87 /* ViewController.swift in Sources */ = {isa = PBXBuildFile; fileRef = 6554D7431D56F9B9004FED87 /* ViewController.swift */; };
		6554D74A1D56FB63004FED87 /* Pods_Ursus_Demo.framework in Frameworks */ = {isa = PBXBuildFile; fileRef = 742B6C82E816C8F554D3C7DA /* Pods_Ursus_Demo.framework */; };
/* End PBXBuildFile section */

/* Begin PBXFileReference section */
		09E8D409621F42F8206EE79E /* Pods-Ursus Demo.debug.xcconfig */ = {isa = PBXFileReference; includeInIndex = 1; lastKnownFileType = text.xcconfig; name = "Pods-Ursus Demo.debug.xcconfig"; path = "Pods/Target Support Files/Pods-Ursus Demo/Pods-Ursus Demo.debug.xcconfig"; sourceTree = "<group>"; };
		6554D7391D56F5F2004FED87 /* README.md */ = {isa = PBXFileReference; fileEncoding = 4; lastKnownFileType = net.daringfireball.markdown; name = README.md; path = ../README.md; sourceTree = "<group>"; };
		6554D73C1D56F9B9004FED87 /* AppDelegate.swift */ = {isa = PBXFileReference; fileEncoding = 4; lastKnownFileType = sourcecode.swift; path = AppDelegate.swift; sourceTree = "<group>"; };
		6554D73E1D56F9B9004FED87 /* Assets.xcassets */ = {isa = PBXFileReference; lastKnownFileType = folder.assetcatalog; path = Assets.xcassets; sourceTree = "<group>"; };
		6554D73F1D56F9B9004FED87 /* LaunchScreen.storyboard */ = {isa = PBXFileReference; fileEncoding = 4; lastKnownFileType = file.storyboard; path = LaunchScreen.storyboard; sourceTree = "<group>"; };
		6554D7401D56F9B9004FED87 /* Main.storyboard */ = {isa = PBXFileReference; fileEncoding = 4; lastKnownFileType = file.storyboard; path = Main.storyboard; sourceTree = "<group>"; };
		6554D7421D56F9B9004FED87 /* Info.plist */ = {isa = PBXFileReference; fileEncoding = 4; lastKnownFileType = text.plist.xml; path = Info.plist; sourceTree = "<group>"; };
		6554D7431D56F9B9004FED87 /* ViewController.swift */ = {isa = PBXFileReference; fileEncoding = 4; lastKnownFileType = sourcecode.swift; path = ViewController.swift; sourceTree = "<group>"; };
		6599BB221D51E4E70024D039 /* Ursus Demo.app */ = {isa = PBXFileReference; explicitFileType = wrapper.application; includeInIndex = 0; path = "Ursus Demo.app"; sourceTree = BUILT_PRODUCTS_DIR; };
		742B6C82E816C8F554D3C7DA /* Pods_Ursus_Demo.framework */ = {isa = PBXFileReference; explicitFileType = wrapper.framework; includeInIndex = 0; path = Pods_Ursus_Demo.framework; sourceTree = BUILT_PRODUCTS_DIR; };
		761124DAEC2FB8CCCA3071F2 /* Pods-Ursus.release.xcconfig */ = {isa = PBXFileReference; includeInIndex = 1; lastKnownFileType = text.xcconfig; name = "Pods-Ursus.release.xcconfig"; path = "Pods/Target Support Files/Pods-Ursus/Pods-Ursus.release.xcconfig"; sourceTree = "<group>"; };
		96B5F07117CBBCC08E8E1879 /* Pods-Ursus.debug.xcconfig */ = {isa = PBXFileReference; includeInIndex = 1; lastKnownFileType = text.xcconfig; name = "Pods-Ursus.debug.xcconfig"; path = "Pods/Target Support Files/Pods-Ursus/Pods-Ursus.debug.xcconfig"; sourceTree = "<group>"; };
		C70F8B648B06359274A3D643 /* Pods_Ursus.framework */ = {isa = PBXFileReference; explicitFileType = wrapper.framework; includeInIndex = 0; path = Pods_Ursus.framework; sourceTree = BUILT_PRODUCTS_DIR; };
		F2157AC102BC93A6A0A533F5 /* Pods-Ursus Demo.release.xcconfig */ = {isa = PBXFileReference; includeInIndex = 1; lastKnownFileType = text.xcconfig; name = "Pods-Ursus Demo.release.xcconfig"; path = "Pods/Target Support Files/Pods-Ursus Demo/Pods-Ursus Demo.release.xcconfig"; sourceTree = "<group>"; };
/* End PBXFileReference section */

/* Begin PBXFrameworksBuildPhase section */
		6599BB1F1D51E4E70024D039 /* Frameworks */ = {
			isa = PBXFrameworksBuildPhase;
			buildActionMask = 2147483647;
			files = (
				6554D74A1D56FB63004FED87 /* Pods_Ursus_Demo.framework in Frameworks */,
			);
			runOnlyForDeploymentPostprocessing = 0;
		};
/* End PBXFrameworksBuildPhase section */

/* Begin PBXGroup section */
		08FD3E224DE46FE0EAC9BF63 /* Frameworks */ = {
			isa = PBXGroup;
			children = (
				C70F8B648B06359274A3D643 /* Pods_Ursus.framework */,
				742B6C82E816C8F554D3C7DA /* Pods_Ursus_Demo.framework */,
			);
			name = Frameworks;
			sourceTree = "<group>";
		};
		6554D73B1D56F9B9004FED87 /* Application */ = {
			isa = PBXGroup;
			children = (
				6554D73C1D56F9B9004FED87 /* AppDelegate.swift */,
				6554D7431D56F9B9004FED87 /* ViewController.swift */,
				6554D73D1D56F9B9004FED87 /* Assets */,
				6554D7411D56F9B9004FED87 /* Supporting Files */,
			);
			path = Application;
			sourceTree = "<group>";
		};
		6554D73D1D56F9B9004FED87 /* Assets */ = {
			isa = PBXGroup;
			children = (
				6554D73E1D56F9B9004FED87 /* Assets.xcassets */,
				6554D73F1D56F9B9004FED87 /* LaunchScreen.storyboard */,
				6554D7401D56F9B9004FED87 /* Main.storyboard */,
			);
			path = Assets;
			sourceTree = "<group>";
		};
		6554D7411D56F9B9004FED87 /* Supporting Files */ = {
			isa = PBXGroup;
			children = (
				6554D7421D56F9B9004FED87 /* Info.plist */,
			);
			path = "Supporting Files";
			sourceTree = "<group>";
		};
		6599BB191D51E4E70024D039 = {
			isa = PBXGroup;
			children = (
				6554D7391D56F5F2004FED87 /* README.md */,
				6554D73B1D56F9B9004FED87 /* Application */,
				6599BB231D51E4E70024D039 /* Products */,
				878396520B62548270AF0E3C /* Pods */,
				08FD3E224DE46FE0EAC9BF63 /* Frameworks */,
			);
			sourceTree = "<group>";
		};
		6599BB231D51E4E70024D039 /* Products */ = {
			isa = PBXGroup;
			children = (
				6599BB221D51E4E70024D039 /* Ursus Demo.app */,
			);
			name = Products;
			sourceTree = "<group>";
		};
		878396520B62548270AF0E3C /* Pods */ = {
			isa = PBXGroup;
			children = (
				96B5F07117CBBCC08E8E1879 /* Pods-Ursus.debug.xcconfig */,
				761124DAEC2FB8CCCA3071F2 /* Pods-Ursus.release.xcconfig */,
				09E8D409621F42F8206EE79E /* Pods-Ursus Demo.debug.xcconfig */,
				F2157AC102BC93A6A0A533F5 /* Pods-Ursus Demo.release.xcconfig */,
			);
			name = Pods;
			sourceTree = "<group>";
		};
/* End PBXGroup section */

/* Begin PBXNativeTarget section */
		6599BB211D51E4E70024D039 /* Ursus Demo */ = {
			isa = PBXNativeTarget;
			buildConfigurationList = 6599BB341D51E4E70024D039 /* Build configuration list for PBXNativeTarget "Ursus Demo" */;
			buildPhases = (
				64A6BFE2A812EDD59ED423FF /* [CP] Check Pods Manifest.lock */,
				6599BB1E1D51E4E70024D039 /* Sources */,
				6599BB1F1D51E4E70024D039 /* Frameworks */,
				6599BB201D51E4E70024D039 /* Resources */,
				ED383DE2B0E23FB8CBF30E29 /* [CP] Embed Pods Frameworks */,
				6A364248089F3B8F5C4A0D4E /* [CP] Copy Pods Resources */,
			);
			buildRules = (
			);
			dependencies = (
			);
			name = "Ursus Demo";
			productName = Ursus;
			productReference = 6599BB221D51E4E70024D039 /* Ursus Demo.app */;
			productType = "com.apple.product-type.application";
		};
/* End PBXNativeTarget section */

/* Begin PBXProject section */
		6599BB1A1D51E4E70024D039 /* Project object */ = {
			isa = PBXProject;
			attributes = {
				LastSwiftUpdateCheck = 0730;
				LastUpgradeCheck = 0730;
				ORGANIZATIONNAME = "Daniel Clelland";
				TargetAttributes = {
					6599BB211D51E4E70024D039 = {
						CreatedOnToolsVersion = 7.3.1;
					};
				};
			};
			buildConfigurationList = 6599BB1D1D51E4E70024D039 /* Build configuration list for PBXProject "Ursus Demo" */;
			compatibilityVersion = "Xcode 3.2";
			developmentRegion = English;
			hasScannedForEncodings = 0;
			knownRegions = (
				en,
				Base,
			);
			mainGroup = 6599BB191D51E4E70024D039;
			productRefGroup = 6599BB231D51E4E70024D039 /* Products */;
			projectDirPath = "";
			projectRoot = "";
			targets = (
				6599BB211D51E4E70024D039 /* Ursus Demo */,
			);
		};
/* End PBXProject section */

/* Begin PBXResourcesBuildPhase section */
		6599BB201D51E4E70024D039 /* Resources */ = {
			isa = PBXResourcesBuildPhase;
			buildActionMask = 2147483647;
			files = (
				6554D7471D56F9B9004FED87 /* Main.storyboard in Resources */,
				6554D7451D56F9B9004FED87 /* Assets.xcassets in Resources */,
				6554D7461D56F9B9004FED87 /* LaunchScreen.storyboard in Resources */,
			);
			runOnlyForDeploymentPostprocessing = 0;
		};
/* End PBXResourcesBuildPhase section */

/* Begin PBXShellScriptBuildPhase section */
		64A6BFE2A812EDD59ED423FF /* [CP] Check Pods Manifest.lock */ = {
			isa = PBXShellScriptBuildPhase;
			buildActionMask = 2147483647;
			files = (
			);
			inputPaths = (
			);
			name = "[CP] Check Pods Manifest.lock";
			outputPaths = (
			);
			runOnlyForDeploymentPostprocessing = 0;
			shellPath = /bin/sh;
			shellScript = "diff \"${PODS_ROOT}/../Podfile.lock\" \"${PODS_ROOT}/Manifest.lock\" > /dev/null\nif [[ $? != 0 ]] ; then\n    cat << EOM\nerror: The sandbox is not in sync with the Podfile.lock. Run 'pod install' or update your CocoaPods installation.\nEOM\n    exit 1\nfi\n";
			showEnvVarsInLog = 0;
		};
		6A364248089F3B8F5C4A0D4E /* [CP] Copy Pods Resources */ = {
			isa = PBXShellScriptBuildPhase;
			buildActionMask = 2147483647;
			files = (
			);
			inputPaths = (
			);
			name = "[CP] Copy Pods Resources";
			outputPaths = (
			);
			runOnlyForDeploymentPostprocessing = 0;
			shellPath = /bin/sh;
			shellScript = "\"${SRCROOT}/Pods/Target Support Files/Pods-Ursus Demo/Pods-Ursus Demo-resources.sh\"\n";
			showEnvVarsInLog = 0;
		};
		ED383DE2B0E23FB8CBF30E29 /* [CP] Embed Pods Frameworks */ = {
			isa = PBXShellScriptBuildPhase;
			buildActionMask = 2147483647;
			files = (
			);
			inputPaths = (
			);
			name = "[CP] Embed Pods Frameworks";
			outputPaths = (
			);
			runOnlyForDeploymentPostprocessing = 0;
			shellPath = /bin/sh;
			shellScript = "\"${SRCROOT}/Pods/Target Support Files/Pods-Ursus Demo/Pods-Ursus Demo-frameworks.sh\"\n";
			showEnvVarsInLog = 0;
		};
/* End PBXShellScriptBuildPhase section */

/* Begin PBXSourcesBuildPhase section */
		6599BB1E1D51E4E70024D039 /* Sources */ = {
			isa = PBXSourcesBuildPhase;
			buildActionMask = 2147483647;
			files = (
				6554D7491D56F9B9004FED87 /* ViewController.swift in Sources */,
				6554D7441D56F9B9004FED87 /* AppDelegate.swift in Sources */,
			);
			runOnlyForDeploymentPostprocessing = 0;
		};
/* End PBXSourcesBuildPhase section */

/* Begin XCBuildConfiguration section */
		6599BB321D51E4E70024D039 /* Debug */ = {
			isa = XCBuildConfiguration;
			buildSettings = {
				ALWAYS_SEARCH_USER_PATHS = NO;
				CLANG_ANALYZER_NONNULL = YES;
				CLANG_CXX_LANGUAGE_STANDARD = "gnu++0x";
				CLANG_CXX_LIBRARY = "libc++";
				CLANG_ENABLE_MODULES = YES;
				CLANG_ENABLE_OBJC_ARC = YES;
				CLANG_WARN_BOOL_CONVERSION = YES;
				CLANG_WARN_CONSTANT_CONVERSION = YES;
				CLANG_WARN_DIRECT_OBJC_ISA_USAGE = YES_ERROR;
				CLANG_WARN_EMPTY_BODY = YES;
				CLANG_WARN_ENUM_CONVERSION = YES;
				CLANG_WARN_INT_CONVERSION = YES;
				CLANG_WARN_OBJC_ROOT_CLASS = YES_ERROR;
				CLANG_WARN_UNREACHABLE_CODE = YES;
				CLANG_WARN__DUPLICATE_METHOD_MATCH = YES;
				"CODE_SIGN_IDENTITY[sdk=iphoneos*]" = "iPhone Developer";
				COPY_PHASE_STRIP = NO;
				DEBUG_INFORMATION_FORMAT = dwarf;
				ENABLE_STRICT_OBJC_MSGSEND = YES;
				ENABLE_TESTABILITY = YES;
				GCC_C_LANGUAGE_STANDARD = gnu99;
				GCC_DYNAMIC_NO_PIC = NO;
				GCC_NO_COMMON_BLOCKS = YES;
				GCC_OPTIMIZATION_LEVEL = 0;
				GCC_PREPROCESSOR_DEFINITIONS = (
					"DEBUG=1",
					"$(inherited)",
				);
				GCC_WARN_64_TO_32_BIT_CONVERSION = YES;
				GCC_WARN_ABOUT_RETURN_TYPE = YES_ERROR;
				GCC_WARN_UNDECLARED_SELECTOR = YES;
				GCC_WARN_UNINITIALIZED_AUTOS = YES_AGGRESSIVE;
				GCC_WARN_UNUSED_FUNCTION = YES;
				GCC_WARN_UNUSED_VARIABLE = YES;
				IPHONEOS_DEPLOYMENT_TARGET = 9.3;
				MTL_ENABLE_DEBUG_INFO = YES;
				ONLY_ACTIVE_ARCH = YES;
				SDKROOT = iphoneos;
				SWIFT_OPTIMIZATION_LEVEL = "-Onone";
				TARGETED_DEVICE_FAMILY = "1,2";
			};
			name = Debug;
		};
		6599BB331D51E4E70024D039 /* Release */ = {
			isa = XCBuildConfiguration;
			buildSettings = {
				ALWAYS_SEARCH_USER_PATHS = NO;
				CLANG_ANALYZER_NONNULL = YES;
				CLANG_CXX_LANGUAGE_STANDARD = "gnu++0x";
				CLANG_CXX_LIBRARY = "libc++";
				CLANG_ENABLE_MODULES = YES;
				CLANG_ENABLE_OBJC_ARC = YES;
				CLANG_WARN_BOOL_CONVERSION = YES;
				CLANG_WARN_CONSTANT_CONVERSION = YES;
				CLANG_WARN_DIRECT_OBJC_ISA_USAGE = YES_ERROR;
				CLANG_WARN_EMPTY_BODY = YES;
				CLANG_WARN_ENUM_CONVERSION = YES;
				CLANG_WARN_INT_CONVERSION = YES;
				CLANG_WARN_OBJC_ROOT_CLASS = YES_ERROR;
				CLANG_WARN_UNREACHABLE_CODE = YES;
				CLANG_WARN__DUPLICATE_METHOD_MATCH = YES;
				"CODE_SIGN_IDENTITY[sdk=iphoneos*]" = "iPhone Developer";
				COPY_PHASE_STRIP = NO;
				DEBUG_INFORMATION_FORMAT = "dwarf-with-dsym";
				ENABLE_NS_ASSERTIONS = NO;
				ENABLE_STRICT_OBJC_MSGSEND = YES;
				GCC_C_LANGUAGE_STANDARD = gnu99;
				GCC_NO_COMMON_BLOCKS = YES;
				GCC_WARN_64_TO_32_BIT_CONVERSION = YES;
				GCC_WARN_ABOUT_RETURN_TYPE = YES_ERROR;
				GCC_WARN_UNDECLARED_SELECTOR = YES;
				GCC_WARN_UNINITIALIZED_AUTOS = YES_AGGRESSIVE;
				GCC_WARN_UNUSED_FUNCTION = YES;
				GCC_WARN_UNUSED_VARIABLE = YES;
				IPHONEOS_DEPLOYMENT_TARGET = 9.3;
				MTL_ENABLE_DEBUG_INFO = NO;
				SDKROOT = iphoneos;
				TARGETED_DEVICE_FAMILY = "1,2";
				VALIDATE_PRODUCT = YES;
			};
			name = Release;
		};
		6599BB351D51E4E70024D039 /* Debug */ = {
			isa = XCBuildConfiguration;
			baseConfigurationReference = 09E8D409621F42F8206EE79E /* Pods-Ursus Demo.debug.xcconfig */;
			buildSettings = {
				ASSETCATALOG_COMPILER_APPICON_NAME = AppIcon;
				INFOPLIST_FILE = "$(SRCROOT)/Application/Supporting Files/Info.plist";
				LD_RUNPATH_SEARCH_PATHS = "$(inherited) @executable_path/Frameworks";
				PRODUCT_BUNDLE_IDENTIFIER = com.protonome.Ursus;
				PRODUCT_NAME = "Ursus Demo";
			};
			name = Debug;
		};
		6599BB361D51E4E70024D039 /* Release */ = {
			isa = XCBuildConfiguration;
			baseConfigurationReference = F2157AC102BC93A6A0A533F5 /* Pods-Ursus Demo.release.xcconfig */;
			buildSettings = {
				ASSETCATALOG_COMPILER_APPICON_NAME = AppIcon;
				INFOPLIST_FILE = "$(SRCROOT)/Application/Supporting Files/Info.plist";
				LD_RUNPATH_SEARCH_PATHS = "$(inherited) @executable_path/Frameworks";
				PRODUCT_BUNDLE_IDENTIFIER = com.protonome.Ursus;
				PRODUCT_NAME = "Ursus Demo";
			};
			name = Release;
		};
/* End XCBuildConfiguration section */

/* Begin XCConfigurationList section */
		6599BB1D1D51E4E70024D039 /* Build configuration list for PBXProject "Ursus Demo" */ = {
			isa = XCConfigurationList;
			buildConfigurations = (
				6599BB321D51E4E70024D039 /* Debug */,
				6599BB331D51E4E70024D039 /* Release */,
			);
			defaultConfigurationIsVisible = 0;
			defaultConfigurationName = Release;
		};
		6599BB341D51E4E70024D039 /* Build configuration list for PBXNativeTarget "Ursus Demo" */ = {
			isa = XCConfigurationList;
			buildConfigurations = (
				6599BB351D51E4E70024D039 /* Debug */,
				6599BB361D51E4E70024D039 /* Release */,
			);
			defaultConfigurationIsVisible = 0;
			defaultConfigurationName = Release;
		};
/* End XCConfigurationList section */
	};
	rootObject = 6599BB1A1D51E4E70024D039 /* Project object */;
}
