// !$*UTF8*$!
{
	archiveVersion = 1;
	classes = {
	};
	objectVersion = 50;
	objects = {

/* Begin PBXBuildFile section */
		65CDEFA7248741BE0004FDB2 /* AppDelegate.swift in Sources */ = {isa = PBXBuildFile; fileRef = 65CDEFA6248741BE0004FDB2 /* AppDelegate.swift */; };
		65CDEFA9248741BE0004FDB2 /* SceneDelegate.swift in Sources */ = {isa = PBXBuildFile; fileRef = 65CDEFA8248741BE0004FDB2 /* SceneDelegate.swift */; };
		65CDEFAB248741BE0004FDB2 /* ContentView.swift in Sources */ = {isa = PBXBuildFile; fileRef = 65CDEFAA248741BE0004FDB2 /* ContentView.swift */; };
		65CDEFAD248741C00004FDB2 /* Assets.xcassets in Resources */ = {isa = PBXBuildFile; fileRef = 65CDEFAC248741C00004FDB2 /* Assets.xcassets */; };
		65CDEFB0248741C00004FDB2 /* Preview Assets.xcassets in Resources */ = {isa = PBXBuildFile; fileRef = 65CDEFAF248741C00004FDB2 /* Preview Assets.xcassets */; };
		65CDEFB3248741C00004FDB2 /* LaunchScreen.storyboard in Resources */ = {isa = PBXBuildFile; fileRef = 65CDEFB1248741C00004FDB2 /* LaunchScreen.storyboard */; };
		9DB0977B89B7E4BA559F59DE /* Pods_Ursus_Demo.framework in Frameworks */ = {isa = PBXBuildFile; fileRef = 9A2401E47D0BC1D56B970300 /* Pods_Ursus_Demo.framework */; };
/* End PBXBuildFile section */

/* Begin PBXFileReference section */
		65CDEFA3248741BE0004FDB2 /* Ursus Demo.app */ = {isa = PBXFileReference; explicitFileType = wrapper.application; includeInIndex = 0; path = "Ursus Demo.app"; sourceTree = BUILT_PRODUCTS_DIR; };
		65CDEFA6248741BE0004FDB2 /* AppDelegate.swift */ = {isa = PBXFileReference; lastKnownFileType = sourcecode.swift; path = AppDelegate.swift; sourceTree = "<group>"; };
		65CDEFA8248741BE0004FDB2 /* SceneDelegate.swift */ = {isa = PBXFileReference; lastKnownFileType = sourcecode.swift; path = SceneDelegate.swift; sourceTree = "<group>"; };
		65CDEFAA248741BE0004FDB2 /* ContentView.swift */ = {isa = PBXFileReference; lastKnownFileType = sourcecode.swift; path = ContentView.swift; sourceTree = "<group>"; };
		65CDEFAC248741C00004FDB2 /* Assets.xcassets */ = {isa = PBXFileReference; lastKnownFileType = folder.assetcatalog; path = Assets.xcassets; sourceTree = "<group>"; };
		65CDEFAF248741C00004FDB2 /* Preview Assets.xcassets */ = {isa = PBXFileReference; lastKnownFileType = folder.assetcatalog; path = "Preview Assets.xcassets"; sourceTree = "<group>"; };
		65CDEFB2248741C00004FDB2 /* Base */ = {isa = PBXFileReference; lastKnownFileType = file.storyboard; name = Base; path = Base.lproj/LaunchScreen.storyboard; sourceTree = "<group>"; };
		65CDEFB4248741C00004FDB2 /* Info.plist */ = {isa = PBXFileReference; lastKnownFileType = text.plist.xml; path = Info.plist; sourceTree = "<group>"; };
		9A2401E47D0BC1D56B970300 /* Pods_Ursus_Demo.framework */ = {isa = PBXFileReference; explicitFileType = wrapper.framework; includeInIndex = 0; path = Pods_Ursus_Demo.framework; sourceTree = BUILT_PRODUCTS_DIR; };
		EC9BDCB755BED280AC9FD0FA /* Pods-Ursus Demo.debug.xcconfig */ = {isa = PBXFileReference; includeInIndex = 1; lastKnownFileType = text.xcconfig; name = "Pods-Ursus Demo.debug.xcconfig"; path = "Target Support Files/Pods-Ursus Demo/Pods-Ursus Demo.debug.xcconfig"; sourceTree = "<group>"; };
		FB26A09F58DEA545E0ACD548 /* Pods-Ursus Demo.release.xcconfig */ = {isa = PBXFileReference; includeInIndex = 1; lastKnownFileType = text.xcconfig; name = "Pods-Ursus Demo.release.xcconfig"; path = "Target Support Files/Pods-Ursus Demo/Pods-Ursus Demo.release.xcconfig"; sourceTree = "<group>"; };
/* End PBXFileReference section */

/* Begin PBXFrameworksBuildPhase section */
		65CDEFA0248741BE0004FDB2 /* Frameworks */ = {
			isa = PBXFrameworksBuildPhase;
			buildActionMask = 2147483647;
			files = (
				9DB0977B89B7E4BA559F59DE /* Pods_Ursus_Demo.framework in Frameworks */,
			);
			runOnlyForDeploymentPostprocessing = 0;
		};
/* End PBXFrameworksBuildPhase section */

/* Begin PBXGroup section */
		65CDEF9A248741BE0004FDB2 = {
			isa = PBXGroup;
			children = (
				65CDEFA5248741BE0004FDB2 /* Ursus Demo */,
				65CDEFA4248741BE0004FDB2 /* Products */,
				9E985C6C2571F10A0D8B94F4 /* Pods */,
				B35F1DCE9454E347A24297FD /* Frameworks */,
			);
			sourceTree = "<group>";
		};
		65CDEFA4248741BE0004FDB2 /* Products */ = {
			isa = PBXGroup;
			children = (
				65CDEFA3248741BE0004FDB2 /* Ursus Demo.app */,
			);
			name = Products;
			sourceTree = "<group>";
		};
		65CDEFA5248741BE0004FDB2 /* Ursus Demo */ = {
			isa = PBXGroup;
			children = (
				65CDEFA6248741BE0004FDB2 /* AppDelegate.swift */,
				65CDEFA8248741BE0004FDB2 /* SceneDelegate.swift */,
				65CDEFAA248741BE0004FDB2 /* ContentView.swift */,
				65CDEFAC248741C00004FDB2 /* Assets.xcassets */,
				65CDEFB1248741C00004FDB2 /* LaunchScreen.storyboard */,
				65CDEFB4248741C00004FDB2 /* Info.plist */,
				65CDEFAE248741C00004FDB2 /* Preview Content */,
			);
			path = "Ursus Demo";
			sourceTree = "<group>";
		};
		65CDEFAE248741C00004FDB2 /* Preview Content */ = {
			isa = PBXGroup;
			children = (
				65CDEFAF248741C00004FDB2 /* Preview Assets.xcassets */,
			);
			path = "Preview Content";
			sourceTree = "<group>";
		};
		9E985C6C2571F10A0D8B94F4 /* Pods */ = {
			isa = PBXGroup;
			children = (
				EC9BDCB755BED280AC9FD0FA /* Pods-Ursus Demo.debug.xcconfig */,
				FB26A09F58DEA545E0ACD548 /* Pods-Ursus Demo.release.xcconfig */,
			);
			name = Pods;
			path = Pods;
			sourceTree = "<group>";
		};
		B35F1DCE9454E347A24297FD /* Frameworks */ = {
			isa = PBXGroup;
			children = (
				9A2401E47D0BC1D56B970300 /* Pods_Ursus_Demo.framework */,
			);
			name = Frameworks;
			sourceTree = "<group>";
		};
/* End PBXGroup section */

/* Begin PBXNativeTarget section */
		65CDEFA2248741BE0004FDB2 /* Ursus Demo */ = {
			isa = PBXNativeTarget;
			buildConfigurationList = 65CDEFB7248741C00004FDB2 /* Build configuration list for PBXNativeTarget "Ursus Demo" */;
			buildPhases = (
				04D96AA73256A0C97BDFFBB3 /* [CP] Check Pods Manifest.lock */,
				65CDEF9F248741BE0004FDB2 /* Sources */,
				65CDEFA0248741BE0004FDB2 /* Frameworks */,
				65CDEFA1248741BE0004FDB2 /* Resources */,
				8B667AD2544E559F24558AC6 /* [CP] Embed Pods Frameworks */,
			);
			buildRules = (
			);
			dependencies = (
			);
			name = "Ursus Demo";
			productName = "Ursus Demo";
			productReference = 65CDEFA3248741BE0004FDB2 /* Ursus Demo.app */;
			productType = "com.apple.product-type.application";
		};
/* End PBXNativeTarget section */

/* Begin PBXProject section */
		65CDEF9B248741BE0004FDB2 /* Project object */ = {
			isa = PBXProject;
			attributes = {
				LastSwiftUpdateCheck = 1130;
				LastUpgradeCheck = 1130;
				ORGANIZATIONNAME = Protonome;
				TargetAttributes = {
					65CDEFA2248741BE0004FDB2 = {
						CreatedOnToolsVersion = 11.3;
					};
				};
			};
			buildConfigurationList = 65CDEF9E248741BE0004FDB2 /* Build configuration list for PBXProject "Ursus Demo" */;
			compatibilityVersion = "Xcode 9.3";
			developmentRegion = en;
			hasScannedForEncodings = 0;
			knownRegions = (
				en,
				Base,
			);
			mainGroup = 65CDEF9A248741BE0004FDB2;
			productRefGroup = 65CDEFA4248741BE0004FDB2 /* Products */;
			projectDirPath = "";
			projectRoot = "";
			targets = (
				65CDEFA2248741BE0004FDB2 /* Ursus Demo */,
			);
		};
/* End PBXProject section */

/* Begin PBXResourcesBuildPhase section */
		65CDEFA1248741BE0004FDB2 /* Resources */ = {
			isa = PBXResourcesBuildPhase;
			buildActionMask = 2147483647;
			files = (
				65CDEFB3248741C00004FDB2 /* LaunchScreen.storyboard in Resources */,
				65CDEFB0248741C00004FDB2 /* Preview Assets.xcassets in Resources */,
				65CDEFAD248741C00004FDB2 /* Assets.xcassets in Resources */,
			);
			runOnlyForDeploymentPostprocessing = 0;
		};
/* End PBXResourcesBuildPhase section */

/* Begin PBXShellScriptBuildPhase section */
		04D96AA73256A0C97BDFFBB3 /* [CP] Check Pods Manifest.lock */ = {
			isa = PBXShellScriptBuildPhase;
			buildActionMask = 2147483647;
			files = (
			);
			inputFileListPaths = (
			);
			inputPaths = (
				"${PODS_PODFILE_DIR_PATH}/Podfile.lock",
				"${PODS_ROOT}/Manifest.lock",
			);
			name = "[CP] Check Pods Manifest.lock";
			outputFileListPaths = (
			);
			outputPaths = (
				"$(DERIVED_FILE_DIR)/Pods-Ursus Demo-checkManifestLockResult.txt",
			);
			runOnlyForDeploymentPostprocessing = 0;
			shellPath = /bin/sh;
			shellScript = "diff \"${PODS_PODFILE_DIR_PATH}/Podfile.lock\" \"${PODS_ROOT}/Manifest.lock\" > /dev/null\nif [ $? != 0 ] ; then\n    # print error to STDERR\n    echo \"error: The sandbox is not in sync with the Podfile.lock. Run 'pod install' or update your CocoaPods installation.\" >&2\n    exit 1\nfi\n# This output is used by Xcode 'outputs' to avoid re-running this script phase.\necho \"SUCCESS\" > \"${SCRIPT_OUTPUT_FILE_0}\"\n";
			showEnvVarsInLog = 0;
		};
		8B667AD2544E559F24558AC6 /* [CP] Embed Pods Frameworks */ = {
			isa = PBXShellScriptBuildPhase;
			buildActionMask = 2147483647;
			files = (
			);
			inputFileListPaths = (
				"${PODS_ROOT}/Target Support Files/Pods-Ursus Demo/Pods-Ursus Demo-frameworks-${CONFIGURATION}-input-files.xcfilelist",
			);
			name = "[CP] Embed Pods Frameworks";
			outputFileListPaths = (
				"${PODS_ROOT}/Target Support Files/Pods-Ursus Demo/Pods-Ursus Demo-frameworks-${CONFIGURATION}-output-files.xcfilelist",
			);
			runOnlyForDeploymentPostprocessing = 0;
			shellPath = /bin/sh;
			shellScript = "\"${PODS_ROOT}/Target Support Files/Pods-Ursus Demo/Pods-Ursus Demo-frameworks.sh\"\n";
			showEnvVarsInLog = 0;
		};
/* End PBXShellScriptBuildPhase section */

/* Begin PBXSourcesBuildPhase section */
		65CDEF9F248741BE0004FDB2 /* Sources */ = {
			isa = PBXSourcesBuildPhase;
			buildActionMask = 2147483647;
			files = (
				65CDEFA7248741BE0004FDB2 /* AppDelegate.swift in Sources */,
				65CDEFA9248741BE0004FDB2 /* SceneDelegate.swift in Sources */,
				65CDEFAB248741BE0004FDB2 /* ContentView.swift in Sources */,
			);
			runOnlyForDeploymentPostprocessing = 0;
		};
/* End PBXSourcesBuildPhase section */

/* Begin PBXVariantGroup section */
		65CDEFB1248741C00004FDB2 /* LaunchScreen.storyboard */ = {
			isa = PBXVariantGroup;
			children = (
				65CDEFB2248741C00004FDB2 /* Base */,
			);
			name = LaunchScreen.storyboard;
			sourceTree = "<group>";
		};
/* End PBXVariantGroup section */

/* Begin XCBuildConfiguration section */
		65CDEFB5248741C00004FDB2 /* Debug */ = {
			isa = XCBuildConfiguration;
			buildSettings = {
				ALWAYS_SEARCH_USER_PATHS = NO;
				CLANG_ANALYZER_NONNULL = YES;
				CLANG_ANALYZER_NUMBER_OBJECT_CONVERSION = YES_AGGRESSIVE;
				CLANG_CXX_LANGUAGE_STANDARD = "gnu++14";
				CLANG_CXX_LIBRARY = "libc++";
				CLANG_ENABLE_MODULES = YES;
				CLANG_ENABLE_OBJC_ARC = YES;
				CLANG_ENABLE_OBJC_WEAK = YES;
				CLANG_WARN_BLOCK_CAPTURE_AUTORELEASING = YES;
				CLANG_WARN_BOOL_CONVERSION = YES;
				CLANG_WARN_COMMA = YES;
				CLANG_WARN_CONSTANT_CONVERSION = YES;
				CLANG_WARN_DEPRECATED_OBJC_IMPLEMENTATIONS = YES;
				CLANG_WARN_DIRECT_OBJC_ISA_USAGE = YES_ERROR;
				CLANG_WARN_DOCUMENTATION_COMMENTS = YES;
				CLANG_WARN_EMPTY_BODY = YES;
				CLANG_WARN_ENUM_CONVERSION = YES;
				CLANG_WARN_INFINITE_RECURSION = YES;
				CLANG_WARN_INT_CONVERSION = YES;
				CLANG_WARN_NON_LITERAL_NULL_CONVERSION = YES;
				CLANG_WARN_OBJC_IMPLICIT_RETAIN_SELF = YES;
				CLANG_WARN_OBJC_LITERAL_CONVERSION = YES;
				CLANG_WARN_OBJC_ROOT_CLASS = YES_ERROR;
				CLANG_WARN_RANGE_LOOP_ANALYSIS = YES;
				CLANG_WARN_STRICT_PROTOTYPES = YES;
				CLANG_WARN_SUSPICIOUS_MOVE = YES;
				CLANG_WARN_UNGUARDED_AVAILABILITY = YES_AGGRESSIVE;
				CLANG_WARN_UNREACHABLE_CODE = YES;
				CLANG_WARN__DUPLICATE_METHOD_MATCH = YES;
				COPY_PHASE_STRIP = NO;
				DEBUG_INFORMATION_FORMAT = dwarf;
				ENABLE_STRICT_OBJC_MSGSEND = YES;
				ENABLE_TESTABILITY = YES;
				GCC_C_LANGUAGE_STANDARD = gnu11;
				GCC_DYNAMIC_NO_PIC = NO;
				GCC_NO_COMMON_BLOCKS = YES;
				GCC_OPTIMIZATION_LEVEL = 0;
				GCC_PREPROCESSOR_DEFINITIONS = (
					"DEBUG=1",
					"$(inherited)",
				);
				GCC_WARN_64_TO_32_BIT_CONVERSION = YES;
				GCC_WARN_ABOUT_RETURN_TYPE = YES_ERROR;
				GCC_WARN_UNDECLARED_SELECTOR = YES;
				GCC_WARN_UNINITIALIZED_AUTOS = YES_AGGRESSIVE;
				GCC_WARN_UNUSED_FUNCTION = YES;
				GCC_WARN_UNUSED_VARIABLE = YES;
				IPHONEOS_DEPLOYMENT_TARGET = 13.2;
				MTL_ENABLE_DEBUG_INFO = INCLUDE_SOURCE;
				MTL_FAST_MATH = YES;
				ONLY_ACTIVE_ARCH = YES;
				SDKROOT = iphoneos;
				SWIFT_ACTIVE_COMPILATION_CONDITIONS = DEBUG;
				SWIFT_OPTIMIZATION_LEVEL = "-Onone";
			};
			name = Debug;
		};
		65CDEFB6248741C00004FDB2 /* Release */ = {
			isa = XCBuildConfiguration;
			buildSettings = {
				ALWAYS_SEARCH_USER_PATHS = NO;
				CLANG_ANALYZER_NONNULL = YES;
				CLANG_ANALYZER_NUMBER_OBJECT_CONVERSION = YES_AGGRESSIVE;
				CLANG_CXX_LANGUAGE_STANDARD = "gnu++14";
				CLANG_CXX_LIBRARY = "libc++";
				CLANG_ENABLE_MODULES = YES;
				CLANG_ENABLE_OBJC_ARC = YES;
				CLANG_ENABLE_OBJC_WEAK = YES;
				CLANG_WARN_BLOCK_CAPTURE_AUTORELEASING = YES;
				CLANG_WARN_BOOL_CONVERSION = YES;
				CLANG_WARN_COMMA = YES;
				CLANG_WARN_CONSTANT_CONVERSION = YES;
				CLANG_WARN_DEPRECATED_OBJC_IMPLEMENTATIONS = YES;
				CLANG_WARN_DIRECT_OBJC_ISA_USAGE = YES_ERROR;
				CLANG_WARN_DOCUMENTATION_COMMENTS = YES;
				CLANG_WARN_EMPTY_BODY = YES;
				CLANG_WARN_ENUM_CONVERSION = YES;
				CLANG_WARN_INFINITE_RECURSION = YES;
				CLANG_WARN_INT_CONVERSION = YES;
				CLANG_WARN_NON_LITERAL_NULL_CONVERSION = YES;
				CLANG_WARN_OBJC_IMPLICIT_RETAIN_SELF = YES;
				CLANG_WARN_OBJC_LITERAL_CONVERSION = YES;
				CLANG_WARN_OBJC_ROOT_CLASS = YES_ERROR;
				CLANG_WARN_RANGE_LOOP_ANALYSIS = YES;
				CLANG_WARN_STRICT_PROTOTYPES = YES;
				CLANG_WARN_SUSPICIOUS_MOVE = YES;
				CLANG_WARN_UNGUARDED_AVAILABILITY = YES_AGGRESSIVE;
				CLANG_WARN_UNREACHABLE_CODE = YES;
				CLANG_WARN__DUPLICATE_METHOD_MATCH = YES;
				COPY_PHASE_STRIP = NO;
				DEBUG_INFORMATION_FORMAT = "dwarf-with-dsym";
				ENABLE_NS_ASSERTIONS = NO;
				ENABLE_STRICT_OBJC_MSGSEND = YES;
				GCC_C_LANGUAGE_STANDARD = gnu11;
				GCC_NO_COMMON_BLOCKS = YES;
				GCC_WARN_64_TO_32_BIT_CONVERSION = YES;
				GCC_WARN_ABOUT_RETURN_TYPE = YES_ERROR;
				GCC_WARN_UNDECLARED_SELECTOR = YES;
				GCC_WARN_UNINITIALIZED_AUTOS = YES_AGGRESSIVE;
				GCC_WARN_UNUSED_FUNCTION = YES;
				GCC_WARN_UNUSED_VARIABLE = YES;
				IPHONEOS_DEPLOYMENT_TARGET = 13.2;
				MTL_ENABLE_DEBUG_INFO = NO;
				MTL_FAST_MATH = YES;
				SDKROOT = iphoneos;
				SWIFT_COMPILATION_MODE = wholemodule;
				SWIFT_OPTIMIZATION_LEVEL = "-O";
				VALIDATE_PRODUCT = YES;
			};
			name = Release;
		};
		65CDEFB8248741C00004FDB2 /* Debug */ = {
			isa = XCBuildConfiguration;
			baseConfigurationReference = EC9BDCB755BED280AC9FD0FA /* Pods-Ursus Demo.debug.xcconfig */;
			buildSettings = {
				ASSETCATALOG_COMPILER_APPICON_NAME = AppIcon;
				CODE_SIGN_STYLE = Automatic;
				DEVELOPMENT_ASSET_PATHS = "\"Ursus Demo/Preview Content\"";
				DEVELOPMENT_TEAM = SP382Y6YUY;
				ENABLE_PREVIEWS = YES;
				INFOPLIST_FILE = "Ursus Demo/Info.plist";
				LD_RUNPATH_SEARCH_PATHS = (
					"$(inherited)",
					"@executable_path/Frameworks",
				);
				PRODUCT_BUNDLE_IDENTIFIER = "com.protonome.Ursus-Demo";
				PRODUCT_NAME = "$(TARGET_NAME)";
				SWIFT_VERSION = 5.0;
				TARGETED_DEVICE_FAMILY = "1,2";
			};
			name = Debug;
		};
		65CDEFB9248741C00004FDB2 /* Release */ = {
			isa = XCBuildConfiguration;
			baseConfigurationReference = FB26A09F58DEA545E0ACD548 /* Pods-Ursus Demo.release.xcconfig */;
			buildSettings = {
				ASSETCATALOG_COMPILER_APPICON_NAME = AppIcon;
				CODE_SIGN_STYLE = Automatic;
				DEVELOPMENT_ASSET_PATHS = "\"Ursus Demo/Preview Content\"";
				DEVELOPMENT_TEAM = SP382Y6YUY;
				ENABLE_PREVIEWS = YES;
				INFOPLIST_FILE = "Ursus Demo/Info.plist";
				LD_RUNPATH_SEARCH_PATHS = (
					"$(inherited)",
					"@executable_path/Frameworks",
				);
				PRODUCT_BUNDLE_IDENTIFIER = "com.protonome.Ursus-Demo";
				PRODUCT_NAME = "$(TARGET_NAME)";
				SWIFT_VERSION = 5.0;
				TARGETED_DEVICE_FAMILY = "1,2";
			};
			name = Release;
		};
/* End XCBuildConfiguration section */

/* Begin XCConfigurationList section */
		65CDEF9E248741BE0004FDB2 /* Build configuration list for PBXProject "Ursus Demo" */ = {
			isa = XCConfigurationList;
			buildConfigurations = (
				65CDEFB5248741C00004FDB2 /* Debug */,
				65CDEFB6248741C00004FDB2 /* Release */,
			);
			defaultConfigurationIsVisible = 0;
			defaultConfigurationName = Release;
		};
		65CDEFB7248741C00004FDB2 /* Build configuration list for PBXNativeTarget "Ursus Demo" */ = {
			isa = XCConfigurationList;
			buildConfigurations = (
				65CDEFB8248741C00004FDB2 /* Debug */,
				65CDEFB9248741C00004FDB2 /* Release */,
			);
			defaultConfigurationIsVisible = 0;
			defaultConfigurationName = Release;
		};
/* End XCConfigurationList section */
	};
	rootObject = 65CDEF9B248741BE0004FDB2 /* Project object */;
}
