// !$*UTF8*$!
{
	archiveVersion = 1;
	classes = {
	};
	objectVersion = 50;
	objects = {

/* Begin PBXBuildFile section */
		5107804125CE1301001053AF /* PokeEvent.swift in Sources */ = {isa = PBXBuildFile; fileRef = 5107804025CE1301001053AF /* PokeEvent.swift */; };
		510780B625CE166D001053AF /* SubscribeEvent.swift in Sources */ = {isa = PBXBuildFile; fileRef = 510780B525CE166D001053AF /* SubscribeEvent.swift */; };
		510780CE25CE1676001053AF /* AckRequest.swift in Sources */ = {isa = PBXBuildFile; fileRef = 510780CD25CE1676001053AF /* AckRequest.swift */; };
		510780D225CE1679001053AF /* PokeRequest.swift in Sources */ = {isa = PBXBuildFile; fileRef = 510780D125CE1679001053AF /* PokeRequest.swift */; };
		510780D625CE167C001053AF /* DeleteRequest.swift in Sources */ = {isa = PBXBuildFile; fileRef = 510780D525CE167C001053AF /* DeleteRequest.swift */; };
		510780DA25CE1680001053AF /* SubscribeRequest.swift in Sources */ = {isa = PBXBuildFile; fileRef = 510780D925CE1680001053AF /* SubscribeRequest.swift */; };
		510780DE25CE1683001053AF /* UnsubscribeRequest.swift in Sources */ = {isa = PBXBuildFile; fileRef = 510780DD25CE1683001053AF /* UnsubscribeRequest.swift */; };
		510780E225CE1685001053AF /* DiffResponse.swift in Sources */ = {isa = PBXBuildFile; fileRef = 510780E125CE1685001053AF /* DiffResponse.swift */; };
		510780E625CE168F001053AF /* PokeResponse.swift in Sources */ = {isa = PBXBuildFile; fileRef = 510780E525CE168F001053AF /* PokeResponse.swift */; };
		510780EA25CE1692001053AF /* QuitResponse.swift in Sources */ = {isa = PBXBuildFile; fileRef = 510780E925CE1691001053AF /* QuitResponse.swift */; };
		510780EE25CE1698001053AF /* Response.swift in Sources */ = {isa = PBXBuildFile; fileRef = 510780ED25CE1698001053AF /* Response.swift */; };
		510780F225CE169B001053AF /* SubscribeResponse.swift in Sources */ = {isa = PBXBuildFile; fileRef = 510780F125CE169B001053AF /* SubscribeResponse.swift */; };
		510780F625CE169D001053AF /* ClientJSONDecoder.swift in Sources */ = {isa = PBXBuildFile; fileRef = 510780F525CE169D001053AF /* ClientJSONDecoder.swift */; };
		510780FA25CE16A0001053AF /* DecodingError+Extensions.swift in Sources */ = {isa = PBXBuildFile; fileRef = 510780F925CE16A0001053AF /* DecodingError+Extensions.swift */; };
		510780FE25CE16A5001053AF /* ClientJSONEncoder.swift in Sources */ = {isa = PBXBuildFile; fileRef = 510780FD25CE16A5001053AF /* ClientJSONEncoder.swift */; };
		5107810225CE16AC001053AF /* ClientLoginResponseSerializer.swift in Sources */ = {isa = PBXBuildFile; fileRef = 5107810125CE16AC001053AF /* ClientLoginResponseSerializer.swift */; };
		5107810625CE16B7001053AF /* ClientLoginResponseSerializerError.swift in Sources */ = {isa = PBXBuildFile; fileRef = 5107810525CE16B7001053AF /* ClientLoginResponseSerializerError.swift */; };
		5107813525CE1704001053AF /* UrsusAtom.framework in Frameworks */ = {isa = PBXBuildFile; fileRef = 510CA30725CE08C90041E3DA /* UrsusAtom.framework */; };
		510CA0EA25CE01820041E3DA /* UrsusHTTP.framework in Frameworks */ = {isa = PBXBuildFile; fileRef = 510CA0E025CE01820041E3DA /* UrsusHTTP.framework */; };
		510CA0EF25CE01820041E3DA /* UrsusHTTPTests.swift in Sources */ = {isa = PBXBuildFile; fileRef = 510CA0EE25CE01820041E3DA /* UrsusHTTPTests.swift */; };
		510CA0F125CE01820041E3DA /* UrsusHTTP.h in Headers */ = {isa = PBXBuildFile; fileRef = 510CA0E325CE01820041E3DA /* UrsusHTTP.h */; settings = {ATTRIBUTES = (Public, ); }; };
		510CA10325CE018F0041E3DA /* Client.swift in Sources */ = {isa = PBXBuildFile; fileRef = 510CA0FD25CE018F0041E3DA /* Client.swift */; };
		510CA10525CE018F0041E3DA /* Credentials.swift in Sources */ = {isa = PBXBuildFile; fileRef = 510CA0FF25CE018F0041E3DA /* Credentials.swift */; };
		510CA10725CE018F0041E3DA /* Types.swift in Sources */ = {isa = PBXBuildFile; fileRef = 510CA10125CE018F0041E3DA /* Types.swift */; };
		510CA38A25CE0D310041E3DA /* AlamofireEventSource.framework in Frameworks */ = {isa = PBXBuildFile; fileRef = 510CA36F25CE0CF20041E3DA /* AlamofireEventSource.framework */; };
/* End PBXBuildFile section */

/* Begin PBXContainerItemProxy section */
		510CA0EB25CE01820041E3DA /* PBXContainerItemProxy */ = {
			isa = PBXContainerItemProxy;
			containerPortal = 510CA0D725CE01820041E3DA /* Project object */;
			proxyType = 1;
			remoteGlobalIDString = 510CA0DF25CE01820041E3DA;
			remoteInfo = UrsusHTTP;
		};
		510CA30625CE08C90041E3DA /* PBXContainerItemProxy */ = {
			isa = PBXContainerItemProxy;
			containerPortal = 510CA2FF25CE08C90041E3DA /* UrsusAtom.xcodeproj */;
			proxyType = 2;
			remoteGlobalIDString = 510CA0A425CE00AC0041E3DA;
			remoteInfo = UrsusAtom;
		};
		510CA30825CE08C90041E3DA /* PBXContainerItemProxy */ = {
			isa = PBXContainerItemProxy;
			containerPortal = 510CA2FF25CE08C90041E3DA /* UrsusAtom.xcodeproj */;
			proxyType = 2;
			remoteGlobalIDString = 510CA0AD25CE00AC0041E3DA;
			remoteInfo = UrsusAtomTests;
		};
		510CA36E25CE0CF20041E3DA /* PBXContainerItemProxy */ = {
			isa = PBXContainerItemProxy;
			containerPortal = 510CA36925CE0CF20041E3DA /* AlamofireEventSource.xcodeproj */;
			proxyType = 2;
			remoteGlobalIDString = 510CA05825CDFF7D0041E3DA;
			remoteInfo = AlamofireEventSource;
		};
		510CA37025CE0CF20041E3DA /* PBXContainerItemProxy */ = {
			isa = PBXContainerItemProxy;
			containerPortal = 510CA36925CE0CF20041E3DA /* AlamofireEventSource.xcodeproj */;
			proxyType = 2;
			remoteGlobalIDString = 510CA06125CDFF7D0041E3DA;
			remoteInfo = AlamofireEventSourceTests;
		};
/* End PBXContainerItemProxy section */

/* Begin PBXFileReference section */
		5107804025CE1301001053AF /* PokeEvent.swift */ = {isa = PBXFileReference; lastKnownFileType = sourcecode.swift; path = PokeEvent.swift; sourceTree = "<group>"; };
		510780B525CE166D001053AF /* SubscribeEvent.swift */ = {isa = PBXFileReference; lastKnownFileType = sourcecode.swift; path = SubscribeEvent.swift; sourceTree = "<group>"; };
		510780CD25CE1676001053AF /* AckRequest.swift */ = {isa = PBXFileReference; lastKnownFileType = sourcecode.swift; path = AckRequest.swift; sourceTree = "<group>"; };
		510780D125CE1679001053AF /* PokeRequest.swift */ = {isa = PBXFileReference; lastKnownFileType = sourcecode.swift; path = PokeRequest.swift; sourceTree = "<group>"; };
		510780D525CE167C001053AF /* DeleteRequest.swift */ = {isa = PBXFileReference; lastKnownFileType = sourcecode.swift; path = DeleteRequest.swift; sourceTree = "<group>"; };
		510780D925CE1680001053AF /* SubscribeRequest.swift */ = {isa = PBXFileReference; lastKnownFileType = sourcecode.swift; path = SubscribeRequest.swift; sourceTree = "<group>"; };
		510780DD25CE1683001053AF /* UnsubscribeRequest.swift */ = {isa = PBXFileReference; lastKnownFileType = sourcecode.swift; path = UnsubscribeRequest.swift; sourceTree = "<group>"; };
		510780E125CE1685001053AF /* DiffResponse.swift */ = {isa = PBXFileReference; lastKnownFileType = sourcecode.swift; path = DiffResponse.swift; sourceTree = "<group>"; };
		510780E525CE168F001053AF /* PokeResponse.swift */ = {isa = PBXFileReference; lastKnownFileType = sourcecode.swift; path = PokeResponse.swift; sourceTree = "<group>"; };
		510780E925CE1691001053AF /* QuitResponse.swift */ = {isa = PBXFileReference; lastKnownFileType = sourcecode.swift; path = QuitResponse.swift; sourceTree = "<group>"; };
		510780ED25CE1698001053AF /* Response.swift */ = {isa = PBXFileReference; lastKnownFileType = sourcecode.swift; path = Response.swift; sourceTree = "<group>"; };
		510780F125CE169B001053AF /* SubscribeResponse.swift */ = {isa = PBXFileReference; lastKnownFileType = sourcecode.swift; path = SubscribeResponse.swift; sourceTree = "<group>"; };
		510780F525CE169D001053AF /* ClientJSONDecoder.swift */ = {isa = PBXFileReference; lastKnownFileType = sourcecode.swift; path = ClientJSONDecoder.swift; sourceTree = "<group>"; };
		510780F925CE16A0001053AF /* DecodingError+Extensions.swift */ = {isa = PBXFileReference; lastKnownFileType = sourcecode.swift; path = "DecodingError+Extensions.swift"; sourceTree = "<group>"; };
		510780FD25CE16A5001053AF /* ClientJSONEncoder.swift */ = {isa = PBXFileReference; lastKnownFileType = sourcecode.swift; path = ClientJSONEncoder.swift; sourceTree = "<group>"; };
		5107810125CE16AC001053AF /* ClientLoginResponseSerializer.swift */ = {isa = PBXFileReference; lastKnownFileType = sourcecode.swift; path = ClientLoginResponseSerializer.swift; sourceTree = "<group>"; };
		5107810525CE16B7001053AF /* ClientLoginResponseSerializerError.swift */ = {isa = PBXFileReference; lastKnownFileType = sourcecode.swift; path = ClientLoginResponseSerializerError.swift; sourceTree = "<group>"; };
		510CA0E025CE01820041E3DA /* UrsusHTTP.framework */ = {isa = PBXFileReference; explicitFileType = wrapper.framework; includeInIndex = 0; path = UrsusHTTP.framework; sourceTree = BUILT_PRODUCTS_DIR; };
		510CA0E325CE01820041E3DA /* UrsusHTTP.h */ = {isa = PBXFileReference; lastKnownFileType = sourcecode.c.h; path = UrsusHTTP.h; sourceTree = "<group>"; };
		510CA0E425CE01820041E3DA /* Info.plist */ = {isa = PBXFileReference; lastKnownFileType = text.plist.xml; path = Info.plist; sourceTree = "<group>"; };
		510CA0E925CE01820041E3DA /* UrsusHTTPTests.xctest */ = {isa = PBXFileReference; explicitFileType = wrapper.cfbundle; includeInIndex = 0; path = UrsusHTTPTests.xctest; sourceTree = BUILT_PRODUCTS_DIR; };
		510CA0EE25CE01820041E3DA /* UrsusHTTPTests.swift */ = {isa = PBXFileReference; lastKnownFileType = sourcecode.swift; path = UrsusHTTPTests.swift; sourceTree = "<group>"; };
		510CA0F025CE01820041E3DA /* Info.plist */ = {isa = PBXFileReference; lastKnownFileType = text.plist.xml; path = Info.plist; sourceTree = "<group>"; };
		510CA0FD25CE018F0041E3DA /* Client.swift */ = {isa = PBXFileReference; fileEncoding = 4; lastKnownFileType = sourcecode.swift; path = Client.swift; sourceTree = "<group>"; };
		510CA0FF25CE018F0041E3DA /* Credentials.swift */ = {isa = PBXFileReference; fileEncoding = 4; lastKnownFileType = sourcecode.swift; path = Credentials.swift; sourceTree = "<group>"; };
		510CA10125CE018F0041E3DA /* Types.swift */ = {isa = PBXFileReference; fileEncoding = 4; lastKnownFileType = sourcecode.swift; path = Types.swift; sourceTree = "<group>"; };
		510CA2FF25CE08C90041E3DA /* UrsusAtom.xcodeproj */ = {isa = PBXFileReference; lastKnownFileType = "wrapper.pb-project"; name = UrsusAtom.xcodeproj; path = ../../UrsusAtom/UrsusAtom/UrsusAtom.xcodeproj; sourceTree = "<group>"; };
		510CA36925CE0CF20041E3DA /* AlamofireEventSource.xcodeproj */ = {isa = PBXFileReference; lastKnownFileType = "wrapper.pb-project"; name = AlamofireEventSource.xcodeproj; path = ../Dependencies/AlamofireEventStorage/AlamofireEventSource/AlamofireEventSource.xcodeproj; sourceTree = "<group>"; };
/* End PBXFileReference section */

/* Begin PBXFrameworksBuildPhase section */
		510CA0DD25CE01820041E3DA /* Frameworks */ = {
			isa = PBXFrameworksBuildPhase;
			buildActionMask = 2147483647;
			files = (
				5107813525CE1704001053AF /* UrsusAtom.framework in Frameworks */,
				510CA38A25CE0D310041E3DA /* AlamofireEventSource.framework in Frameworks */,
			);
			runOnlyForDeploymentPostprocessing = 0;
		};
		510CA0E625CE01820041E3DA /* Frameworks */ = {
			isa = PBXFrameworksBuildPhase;
			buildActionMask = 2147483647;
			files = (
				510CA0EA25CE01820041E3DA /* UrsusHTTP.framework in Frameworks */,
			);
			runOnlyForDeploymentPostprocessing = 0;
		};
/* End PBXFrameworksBuildPhase section */

/* Begin PBXGroup section */
		5107813825CE173A001053AF /* Requests */ = {
			isa = PBXGroup;
			children = (
				510780DD25CE1683001053AF /* UnsubscribeRequest.swift */,
				510780D925CE1680001053AF /* SubscribeRequest.swift */,
				510780D525CE167C001053AF /* DeleteRequest.swift */,
				510780D125CE1679001053AF /* PokeRequest.swift */,
				510780CD25CE1676001053AF /* AckRequest.swift */,
			);
			path = Requests;
			sourceTree = "<group>";
		};
		5107813925CE1752001053AF /* Event */ = {
			isa = PBXGroup;
			children = (
				510780B525CE166D001053AF /* SubscribeEvent.swift */,
				5107804025CE1301001053AF /* PokeEvent.swift */,
			);
			path = Event;
			sourceTree = "<group>";
		};
		5107813A25CE1770001053AF /* Response */ = {
			isa = PBXGroup;
			children = (
				510780ED25CE1698001053AF /* Response.swift */,
				510780F125CE169B001053AF /* SubscribeResponse.swift */,
				510780E925CE1691001053AF /* QuitResponse.swift */,
				510780E525CE168F001053AF /* PokeResponse.swift */,
				510780E125CE1685001053AF /* DiffResponse.swift */,
			);
			path = Response;
			sourceTree = "<group>";
		};
		5107813B25CE179C001053AF /* Extensions */ = {
			isa = PBXGroup;
			children = (
				510780F925CE16A0001053AF /* DecodingError+Extensions.swift */,
			);
			path = Extensions;
			sourceTree = "<group>";
		};
		5107814225CE1807001053AF /* Serializers */ = {
			isa = PBXGroup;
			children = (
				5107810125CE16AC001053AF /* ClientLoginResponseSerializer.swift */,
				510780FD25CE16A5001053AF /* ClientJSONEncoder.swift */,
				5107810525CE16B7001053AF /* ClientLoginResponseSerializerError.swift */,
				510780F525CE169D001053AF /* ClientJSONDecoder.swift */,
			);
			path = Serializers;
			sourceTree = "<group>";
		};
		510CA0D625CE01820041E3DA = {
			isa = PBXGroup;
			children = (
				510CA36925CE0CF20041E3DA /* AlamofireEventSource.xcodeproj */,
				510CA2FF25CE08C90041E3DA /* UrsusAtom.xcodeproj */,
				510CA0E225CE01820041E3DA /* UrsusHTTP */,
				510CA0ED25CE01820041E3DA /* UrsusHTTPTests */,
				510CA0E125CE01820041E3DA /* Products */,
				510CA33325CE09670041E3DA /* Frameworks */,
			);
			sourceTree = "<group>";
		};
		510CA0E125CE01820041E3DA /* Products */ = {
			isa = PBXGroup;
			children = (
				510CA0E025CE01820041E3DA /* UrsusHTTP.framework */,
				510CA0E925CE01820041E3DA /* UrsusHTTPTests.xctest */,
			);
			name = Products;
			sourceTree = "<group>";
		};
		510CA0E225CE01820041E3DA /* UrsusHTTP */ = {
			isa = PBXGroup;
			children = (
				510CA10125CE018F0041E3DA /* Types.swift */,
				510CA0FD25CE018F0041E3DA /* Client.swift */,
				510CA0FF25CE018F0041E3DA /* Credentials.swift */,
				5107814225CE1807001053AF /* Serializers */,
				5107813B25CE179C001053AF /* Extensions */,
				5107813A25CE1770001053AF /* Response */,
				5107813825CE173A001053AF /* Requests */,
				5107813925CE1752001053AF /* Event */,
				510CA0E325CE01820041E3DA /* UrsusHTTP.h */,
				510CA0E425CE01820041E3DA /* Info.plist */,
			);
			path = UrsusHTTP;
			sourceTree = "<group>";
		};
		510CA0ED25CE01820041E3DA /* UrsusHTTPTests */ = {
			isa = PBXGroup;
			children = (
				510CA0EE25CE01820041E3DA /* UrsusHTTPTests.swift */,
				510CA0F025CE01820041E3DA /* Info.plist */,
			);
			path = UrsusHTTPTests;
			sourceTree = "<group>";
		};
		510CA30025CE08C90041E3DA /* Products */ = {
			isa = PBXGroup;
			children = (
				510CA30725CE08C90041E3DA /* UrsusAtom.framework */,
				510CA30925CE08C90041E3DA /* UrsusAtomTests.xctest */,
			);
			name = Products;
			sourceTree = "<group>";
		};
		510CA33325CE09670041E3DA /* Frameworks */ = {
			isa = PBXGroup;
			children = (
			);
			name = Frameworks;
			sourceTree = "<group>";
		};
		510CA36A25CE0CF20041E3DA /* Products */ = {
			isa = PBXGroup;
			children = (
				510CA36F25CE0CF20041E3DA /* AlamofireEventSource.framework */,
				510CA37125CE0CF20041E3DA /* AlamofireEventSourceTests.xctest */,
			);
			name = Products;
			sourceTree = "<group>";
		};
/* End PBXGroup section */

/* Begin PBXHeadersBuildPhase section */
		510CA0DB25CE01820041E3DA /* Headers */ = {
			isa = PBXHeadersBuildPhase;
			buildActionMask = 2147483647;
			files = (
				510CA0F125CE01820041E3DA /* UrsusHTTP.h in Headers */,
			);
			runOnlyForDeploymentPostprocessing = 0;
		};
/* End PBXHeadersBuildPhase section */

/* Begin PBXNativeTarget section */
		510CA0DF25CE01820041E3DA /* UrsusHTTP */ = {
			isa = PBXNativeTarget;
			buildConfigurationList = 510CA0F425CE01820041E3DA /* Build configuration list for PBXNativeTarget "UrsusHTTP" */;
			buildPhases = (
				510CA0DB25CE01820041E3DA /* Headers */,
				510CA0DC25CE01820041E3DA /* Sources */,
				510CA0DD25CE01820041E3DA /* Frameworks */,
				510CA0DE25CE01820041E3DA /* Resources */,
			);
			buildRules = (
			);
			dependencies = (
			);
			name = UrsusHTTP;
			packageProductDependencies = (
			);
			productName = UrsusHTTP;
			productReference = 510CA0E025CE01820041E3DA /* UrsusHTTP.framework */;
			productType = "com.apple.product-type.framework";
		};
		510CA0E825CE01820041E3DA /* UrsusHTTPTests */ = {
			isa = PBXNativeTarget;
			buildConfigurationList = 510CA0F725CE01820041E3DA /* Build configuration list for PBXNativeTarget "UrsusHTTPTests" */;
			buildPhases = (
				510CA0E525CE01820041E3DA /* Sources */,
				510CA0E625CE01820041E3DA /* Frameworks */,
				510CA0E725CE01820041E3DA /* Resources */,
			);
			buildRules = (
			);
			dependencies = (
				510CA0EC25CE01820041E3DA /* PBXTargetDependency */,
			);
			name = UrsusHTTPTests;
			productName = UrsusHTTPTests;
			productReference = 510CA0E925CE01820041E3DA /* UrsusHTTPTests.xctest */;
			productType = "com.apple.product-type.bundle.unit-test";
		};
/* End PBXNativeTarget section */

/* Begin PBXProject section */
		510CA0D725CE01820041E3DA /* Project object */ = {
			isa = PBXProject;
			attributes = {
				LastSwiftUpdateCheck = 1240;
				LastUpgradeCheck = 1240;
				TargetAttributes = {
					510CA0DF25CE01820041E3DA = {
						CreatedOnToolsVersion = 12.4;
						LastSwiftMigration = 1240;
					};
					510CA0E825CE01820041E3DA = {
						CreatedOnToolsVersion = 12.4;
					};
				};
			};
			buildConfigurationList = 510CA0DA25CE01820041E3DA /* Build configuration list for PBXProject "UrsusHTTP" */;
			compatibilityVersion = "Xcode 9.3";
			developmentRegion = en;
			hasScannedForEncodings = 0;
			knownRegions = (
				en,
				Base,
			);
			mainGroup = 510CA0D625CE01820041E3DA;
			packageReferences = (
			);
			productRefGroup = 510CA0E125CE01820041E3DA /* Products */;
			projectDirPath = "";
			projectReferences = (
				{
					ProductGroup = 510CA36A25CE0CF20041E3DA /* Products */;
					ProjectRef = 510CA36925CE0CF20041E3DA /* AlamofireEventSource.xcodeproj */;
				},
				{
					ProductGroup = 510CA30025CE08C90041E3DA /* Products */;
					ProjectRef = 510CA2FF25CE08C90041E3DA /* UrsusAtom.xcodeproj */;
				},
			);
			projectRoot = "";
			targets = (
				510CA0DF25CE01820041E3DA /* UrsusHTTP */,
				510CA0E825CE01820041E3DA /* UrsusHTTPTests */,
			);
		};
/* End PBXProject section */

/* Begin PBXReferenceProxy section */
		510CA30725CE08C90041E3DA /* UrsusAtom.framework */ = {
			isa = PBXReferenceProxy;
			fileType = wrapper.framework;
			path = UrsusAtom.framework;
			remoteRef = 510CA30625CE08C90041E3DA /* PBXContainerItemProxy */;
			sourceTree = BUILT_PRODUCTS_DIR;
		};
		510CA30925CE08C90041E3DA /* UrsusAtomTests.xctest */ = {
			isa = PBXReferenceProxy;
			fileType = wrapper.cfbundle;
			path = UrsusAtomTests.xctest;
			remoteRef = 510CA30825CE08C90041E3DA /* PBXContainerItemProxy */;
			sourceTree = BUILT_PRODUCTS_DIR;
		};
		510CA36F25CE0CF20041E3DA /* AlamofireEventSource.framework */ = {
			isa = PBXReferenceProxy;
			fileType = wrapper.framework;
			path = AlamofireEventSource.framework;
			remoteRef = 510CA36E25CE0CF20041E3DA /* PBXContainerItemProxy */;
			sourceTree = BUILT_PRODUCTS_DIR;
		};
		510CA37125CE0CF20041E3DA /* AlamofireEventSourceTests.xctest */ = {
			isa = PBXReferenceProxy;
			fileType = wrapper.cfbundle;
			path = AlamofireEventSourceTests.xctest;
			remoteRef = 510CA37025CE0CF20041E3DA /* PBXContainerItemProxy */;
			sourceTree = BUILT_PRODUCTS_DIR;
		};
/* End PBXReferenceProxy section */

/* Begin PBXResourcesBuildPhase section */
		510CA0DE25CE01820041E3DA /* Resources */ = {
			isa = PBXResourcesBuildPhase;
			buildActionMask = 2147483647;
			files = (
			);
			runOnlyForDeploymentPostprocessing = 0;
		};
		510CA0E725CE01820041E3DA /* Resources */ = {
			isa = PBXResourcesBuildPhase;
			buildActionMask = 2147483647;
			files = (
			);
			runOnlyForDeploymentPostprocessing = 0;
		};
/* End PBXResourcesBuildPhase section */

/* Begin PBXSourcesBuildPhase section */
		510CA0DC25CE01820041E3DA /* Sources */ = {
			isa = PBXSourcesBuildPhase;
			buildActionMask = 2147483647;
			files = (
				510CA10525CE018F0041E3DA /* Credentials.swift in Sources */,
				510CA10325CE018F0041E3DA /* Client.swift in Sources */,
				5107810625CE16B7001053AF /* ClientLoginResponseSerializerError.swift in Sources */,
				5107810225CE16AC001053AF /* ClientLoginResponseSerializer.swift in Sources */,
				510780FE25CE16A5001053AF /* ClientJSONEncoder.swift in Sources */,
				510780FA25CE16A0001053AF /* DecodingError+Extensions.swift in Sources */,
				510780F625CE169D001053AF /* ClientJSONDecoder.swift in Sources */,
				510780F225CE169B001053AF /* SubscribeResponse.swift in Sources */,
				510780EE25CE1698001053AF /* Response.swift in Sources */,
				510780EA25CE1692001053AF /* QuitResponse.swift in Sources */,
				510780E625CE168F001053AF /* PokeResponse.swift in Sources */,
				510780E225CE1685001053AF /* DiffResponse.swift in Sources */,
				510780DE25CE1683001053AF /* UnsubscribeRequest.swift in Sources */,
				510780DA25CE1680001053AF /* SubscribeRequest.swift in Sources */,
				510780D625CE167C001053AF /* DeleteRequest.swift in Sources */,
				510780D225CE1679001053AF /* PokeRequest.swift in Sources */,
				510780CE25CE1676001053AF /* AckRequest.swift in Sources */,
				510780B625CE166D001053AF /* SubscribeEvent.swift in Sources */,
				5107804125CE1301001053AF /* PokeEvent.swift in Sources */,
				510CA10725CE018F0041E3DA /* Types.swift in Sources */,
			);
			runOnlyForDeploymentPostprocessing = 0;
		};
		510CA0E525CE01820041E3DA /* Sources */ = {
			isa = PBXSourcesBuildPhase;
			buildActionMask = 2147483647;
			files = (
				510CA0EF25CE01820041E3DA /* UrsusHTTPTests.swift in Sources */,
			);
			runOnlyForDeploymentPostprocessing = 0;
		};
/* End PBXSourcesBuildPhase section */

/* Begin PBXTargetDependency section */
		510CA0EC25CE01820041E3DA /* PBXTargetDependency */ = {
			isa = PBXTargetDependency;
			target = 510CA0DF25CE01820041E3DA /* UrsusHTTP */;
			targetProxy = 510CA0EB25CE01820041E3DA /* PBXContainerItemProxy */;
		};
/* End PBXTargetDependency section */

/* Begin XCBuildConfiguration section */
		510CA0F225CE01820041E3DA /* Debug */ = {
			isa = XCBuildConfiguration;
			buildSettings = {
				ALWAYS_SEARCH_USER_PATHS = NO;
				CLANG_ANALYZER_NONNULL = YES;
				CLANG_ANALYZER_NUMBER_OBJECT_CONVERSION = YES_AGGRESSIVE;
				CLANG_CXX_LANGUAGE_STANDARD = "gnu++14";
				CLANG_CXX_LIBRARY = "libc++";
				CLANG_ENABLE_MODULES = YES;
				CLANG_ENABLE_OBJC_ARC = YES;
				CLANG_ENABLE_OBJC_WEAK = YES;
				CLANG_WARN_BLOCK_CAPTURE_AUTORELEASING = YES;
				CLANG_WARN_BOOL_CONVERSION = YES;
				CLANG_WARN_COMMA = YES;
				CLANG_WARN_CONSTANT_CONVERSION = YES;
				CLANG_WARN_DEPRECATED_OBJC_IMPLEMENTATIONS = YES;
				CLANG_WARN_DIRECT_OBJC_ISA_USAGE = YES_ERROR;
				CLANG_WARN_DOCUMENTATION_COMMENTS = YES;
				CLANG_WARN_EMPTY_BODY = YES;
				CLANG_WARN_ENUM_CONVERSION = YES;
				CLANG_WARN_INFINITE_RECURSION = YES;
				CLANG_WARN_INT_CONVERSION = YES;
				CLANG_WARN_NON_LITERAL_NULL_CONVERSION = YES;
				CLANG_WARN_OBJC_IMPLICIT_RETAIN_SELF = YES;
				CLANG_WARN_OBJC_LITERAL_CONVERSION = YES;
				CLANG_WARN_OBJC_ROOT_CLASS = YES_ERROR;
				CLANG_WARN_QUOTED_INCLUDE_IN_FRAMEWORK_HEADER = YES;
				CLANG_WARN_RANGE_LOOP_ANALYSIS = YES;
				CLANG_WARN_STRICT_PROTOTYPES = YES;
				CLANG_WARN_SUSPICIOUS_MOVE = YES;
				CLANG_WARN_UNGUARDED_AVAILABILITY = YES_AGGRESSIVE;
				CLANG_WARN_UNREACHABLE_CODE = YES;
				CLANG_WARN__DUPLICATE_METHOD_MATCH = YES;
				COPY_PHASE_STRIP = NO;
				CURRENT_PROJECT_VERSION = 1;
				DEBUG_INFORMATION_FORMAT = dwarf;
				ENABLE_STRICT_OBJC_MSGSEND = YES;
				ENABLE_TESTABILITY = YES;
				GCC_C_LANGUAGE_STANDARD = gnu11;
				GCC_DYNAMIC_NO_PIC = NO;
				GCC_NO_COMMON_BLOCKS = YES;
				GCC_OPTIMIZATION_LEVEL = 0;
				GCC_PREPROCESSOR_DEFINITIONS = (
					"DEBUG=1",
					"$(inherited)",
				);
				GCC_WARN_64_TO_32_BIT_CONVERSION = YES;
				GCC_WARN_ABOUT_RETURN_TYPE = YES_ERROR;
				GCC_WARN_UNDECLARED_SELECTOR = YES;
				GCC_WARN_UNINITIALIZED_AUTOS = YES_AGGRESSIVE;
				GCC_WARN_UNUSED_FUNCTION = YES;
				GCC_WARN_UNUSED_VARIABLE = YES;
				IPHONEOS_DEPLOYMENT_TARGET = 14.4;
				MTL_ENABLE_DEBUG_INFO = INCLUDE_SOURCE;
				MTL_FAST_MATH = YES;
				ONLY_ACTIVE_ARCH = YES;
				SDKROOT = iphoneos;
				SWIFT_ACTIVE_COMPILATION_CONDITIONS = DEBUG;
				SWIFT_OPTIMIZATION_LEVEL = "-Onone";
				VERSIONING_SYSTEM = "apple-generic";
				VERSION_INFO_PREFIX = "";
			};
			name = Debug;
		};
		510CA0F325CE01820041E3DA /* Release */ = {
			isa = XCBuildConfiguration;
			buildSettings = {
				ALWAYS_SEARCH_USER_PATHS = NO;
				CLANG_ANALYZER_NONNULL = YES;
				CLANG_ANALYZER_NUMBER_OBJECT_CONVERSION = YES_AGGRESSIVE;
				CLANG_CXX_LANGUAGE_STANDARD = "gnu++14";
				CLANG_CXX_LIBRARY = "libc++";
				CLANG_ENABLE_MODULES = YES;
				CLANG_ENABLE_OBJC_ARC = YES;
				CLANG_ENABLE_OBJC_WEAK = YES;
				CLANG_WARN_BLOCK_CAPTURE_AUTORELEASING = YES;
				CLANG_WARN_BOOL_CONVERSION = YES;
				CLANG_WARN_COMMA = YES;
				CLANG_WARN_CONSTANT_CONVERSION = YES;
				CLANG_WARN_DEPRECATED_OBJC_IMPLEMENTATIONS = YES;
				CLANG_WARN_DIRECT_OBJC_ISA_USAGE = YES_ERROR;
				CLANG_WARN_DOCUMENTATION_COMMENTS = YES;
				CLANG_WARN_EMPTY_BODY = YES;
				CLANG_WARN_ENUM_CONVERSION = YES;
				CLANG_WARN_INFINITE_RECURSION = YES;
				CLANG_WARN_INT_CONVERSION = YES;
				CLANG_WARN_NON_LITERAL_NULL_CONVERSION = YES;
				CLANG_WARN_OBJC_IMPLICIT_RETAIN_SELF = YES;
				CLANG_WARN_OBJC_LITERAL_CONVERSION = YES;
				CLANG_WARN_OBJC_ROOT_CLASS = YES_ERROR;
				CLANG_WARN_QUOTED_INCLUDE_IN_FRAMEWORK_HEADER = YES;
				CLANG_WARN_RANGE_LOOP_ANALYSIS = YES;
				CLANG_WARN_STRICT_PROTOTYPES = YES;
				CLANG_WARN_SUSPICIOUS_MOVE = YES;
				CLANG_WARN_UNGUARDED_AVAILABILITY = YES_AGGRESSIVE;
				CLANG_WARN_UNREACHABLE_CODE = YES;
				CLANG_WARN__DUPLICATE_METHOD_MATCH = YES;
				COPY_PHASE_STRIP = NO;
				CURRENT_PROJECT_VERSION = 1;
				DEBUG_INFORMATION_FORMAT = "dwarf-with-dsym";
				ENABLE_NS_ASSERTIONS = NO;
				ENABLE_STRICT_OBJC_MSGSEND = YES;
				GCC_C_LANGUAGE_STANDARD = gnu11;
				GCC_NO_COMMON_BLOCKS = YES;
				GCC_WARN_64_TO_32_BIT_CONVERSION = YES;
				GCC_WARN_ABOUT_RETURN_TYPE = YES_ERROR;
				GCC_WARN_UNDECLARED_SELECTOR = YES;
				GCC_WARN_UNINITIALIZED_AUTOS = YES_AGGRESSIVE;
				GCC_WARN_UNUSED_FUNCTION = YES;
				GCC_WARN_UNUSED_VARIABLE = YES;
				IPHONEOS_DEPLOYMENT_TARGET = 14.4;
				MTL_ENABLE_DEBUG_INFO = NO;
				MTL_FAST_MATH = YES;
				SDKROOT = iphoneos;
				SWIFT_COMPILATION_MODE = wholemodule;
				SWIFT_OPTIMIZATION_LEVEL = "-O";
				VALIDATE_PRODUCT = YES;
				VERSIONING_SYSTEM = "apple-generic";
				VERSION_INFO_PREFIX = "";
			};
			name = Release;
		};
		510CA0F525CE01820041E3DA /* Debug */ = {
			isa = XCBuildConfiguration;
			buildSettings = {
				CLANG_ENABLE_MODULES = YES;
				CODE_SIGN_STYLE = Automatic;
				DEFINES_MODULE = YES;
				DYLIB_COMPATIBILITY_VERSION = 1;
				DYLIB_CURRENT_VERSION = 1;
				DYLIB_INSTALL_NAME_BASE = "@rpath";
				INFOPLIST_FILE = UrsusHTTP/Info.plist;
				INSTALL_PATH = "$(LOCAL_LIBRARY_DIR)/Frameworks";
				LD_RUNPATH_SEARCH_PATHS = (
					"$(inherited)",
					"@executable_path/Frameworks",
					"@loader_path/Frameworks",
				);
				PRODUCT_BUNDLE_IDENTIFIER = Tlon.UrsusHTTP;
				PRODUCT_NAME = "$(TARGET_NAME:c99extidentifier)";
				SKIP_INSTALL = YES;
				SWIFT_OPTIMIZATION_LEVEL = "-Onone";
				SWIFT_VERSION = 5.0;
				TARGETED_DEVICE_FAMILY = "1,2";
			};
			name = Debug;
		};
		510CA0F625CE01820041E3DA /* Release */ = {
			isa = XCBuildConfiguration;
			buildSettings = {
				CLANG_ENABLE_MODULES = YES;
				CODE_SIGN_STYLE = Automatic;
				DEFINES_MODULE = YES;
				DYLIB_COMPATIBILITY_VERSION = 1;
				DYLIB_CURRENT_VERSION = 1;
				DYLIB_INSTALL_NAME_BASE = "@rpath";
				INFOPLIST_FILE = UrsusHTTP/Info.plist;
				INSTALL_PATH = "$(LOCAL_LIBRARY_DIR)/Frameworks";
				LD_RUNPATH_SEARCH_PATHS = (
					"$(inherited)",
					"@executable_path/Frameworks",
					"@loader_path/Frameworks",
				);
				PRODUCT_BUNDLE_IDENTIFIER = Tlon.UrsusHTTP;
				PRODUCT_NAME = "$(TARGET_NAME:c99extidentifier)";
				SKIP_INSTALL = YES;
				SWIFT_VERSION = 5.0;
				TARGETED_DEVICE_FAMILY = "1,2";
			};
			name = Release;
		};
		510CA0F825CE01820041E3DA /* Debug */ = {
			isa = XCBuildConfiguration;
			buildSettings = {
				ALWAYS_EMBED_SWIFT_STANDARD_LIBRARIES = YES;
				CODE_SIGN_STYLE = Automatic;
				INFOPLIST_FILE = UrsusHTTPTests/Info.plist;
				LD_RUNPATH_SEARCH_PATHS = (
					"$(inherited)",
					"@executable_path/Frameworks",
					"@loader_path/Frameworks",
				);
				PRODUCT_BUNDLE_IDENTIFIER = Tlon.UrsusHTTPTests;
				PRODUCT_NAME = "$(TARGET_NAME)";
				SWIFT_VERSION = 5.0;
				TARGETED_DEVICE_FAMILY = "1,2";
			};
			name = Debug;
		};
		510CA0F925CE01820041E3DA /* Release */ = {
			isa = XCBuildConfiguration;
			buildSettings = {
				ALWAYS_EMBED_SWIFT_STANDARD_LIBRARIES = YES;
				CODE_SIGN_STYLE = Automatic;
				INFOPLIST_FILE = UrsusHTTPTests/Info.plist;
				LD_RUNPATH_SEARCH_PATHS = (
					"$(inherited)",
					"@executable_path/Frameworks",
					"@loader_path/Frameworks",
				);
				PRODUCT_BUNDLE_IDENTIFIER = Tlon.UrsusHTTPTests;
				PRODUCT_NAME = "$(TARGET_NAME)";
				SWIFT_VERSION = 5.0;
				TARGETED_DEVICE_FAMILY = "1,2";
			};
			name = Release;
		};
/* End XCBuildConfiguration section */

/* Begin XCConfigurationList section */
		510CA0DA25CE01820041E3DA /* Build configuration list for PBXProject "UrsusHTTP" */ = {
			isa = XCConfigurationList;
			buildConfigurations = (
				510CA0F225CE01820041E3DA /* Debug */,
				510CA0F325CE01820041E3DA /* Release */,
			);
			defaultConfigurationIsVisible = 0;
			defaultConfigurationName = Release;
		};
		510CA0F425CE01820041E3DA /* Build configuration list for PBXNativeTarget "UrsusHTTP" */ = {
			isa = XCConfigurationList;
			buildConfigurations = (
				510CA0F525CE01820041E3DA /* Debug */,
				510CA0F625CE01820041E3DA /* Release */,
			);
			defaultConfigurationIsVisible = 0;
			defaultConfigurationName = Release;
		};
		510CA0F725CE01820041E3DA /* Build configuration list for PBXNativeTarget "UrsusHTTPTests" */ = {
			isa = XCConfigurationList;
			buildConfigurations = (
				510CA0F825CE01820041E3DA /* Debug */,
				510CA0F925CE01820041E3DA /* Release */,
			);
			defaultConfigurationIsVisible = 0;
			defaultConfigurationName = Release;
		};
/* End XCConfigurationList section */
	};
	rootObject = 510CA0D725CE01820041E3DA /* Project object */;
}
